
Microsoft Visual Studio Solution File, Format Version 12.00
# Visual Studio Version 17
VisualStudioVersion = 17.4.33213.308
MinimumVisualStudioVersion = 10.0.40219.1
Project("{FAE04EC0-301F-11D3-BF4B-00C04F79EFBC}") = "CarsZadacha", "CarsZadacha\CarsZadacha.csproj", "{D973B6E7-3603-4551-8097-3EB12DE2A95A}"
EndProject
Global
	GlobalSection(SolutionConfigurationPlatforms) = preSolution
		Debug|Any CPU = Debug|Any CPU
		Release|Any CPU = Release|Any CPU
	EndGlobalSection
	GlobalSection(ProjectConfigurationPlatforms) = postSolution
		{D973B6E7-3603-4551-8097-3EB12DE2A95A}.Debug|Any CPU.ActiveCfg = Debug|Any CPU
		{D973B6E7-3603-4551-8097-3EB12DE2A95A}.Debug|Any CPU.Build.0 = Debug|Any CPU
		{D973B6E7-3603-4551-8097-3EB12DE2A95A}.Release|Any CPU.ActiveCfg = Release|Any CPU
		{D973B6E7-3603-4551-8097-3EB12DE2A95A}.Release|Any CPU.Build.0 = Release|Any CPU
	EndGlobalSection
	GlobalSection(SolutionProperties) = preSolution
		HideSolutionNode = FALSE
	EndGlobalSection
	GlobalSection(ExtensibilityGlobals) = postSolution
		SolutionGuid = {48723633-CDE8-4B2E-9B2F-AE24DB9AD8F5}
	EndGlobalSection
EndGlobal
